
Microsoft Visual Studio Solution File, Format Version 12.00
# Visual Studio Version 16
VisualStudioVersion = 16.0.31702.278
MinimumVisualStudioVersion = 10.0.40219.1
Project("{9A19103F-16F7-4668-BE54-9A1E7A4F7556}") = "ApiTemplate.Api", "Api\ApiTemplate.Api\ApiTemplate.Api.csproj", "{0B7969C0-1E83-4941-B974-914E61BEE53F}"
EndProject
Project("{9A19103F-16F7-4668-BE54-9A1E7A4F7556}") = "ApiTemplate", "Api\ApiTemplate\ApiTemplate.csproj", "{4A0287E1-61F5-45CD-BAA2-AC3D793A50D7}"
EndProject
Project("{FAE04EC0-301F-11D3-BF4B-00C04F79EFBC}") = "ApiTemplate.Infrastructure", "Api\ApiTemplate.Infrastructure\ApiTemplate.Infrastructure.csproj", "{0F63635C-8815-470A-AAA1-B2663C1E9ABE}"
EndProject
Global
	GlobalSection(SolutionConfigurationPlatforms) = preSolution
		Debug|Any CPU = Debug|Any CPU
		Release|Any CPU = Release|Any CPU
	EndGlobalSection
	GlobalSection(ProjectConfigurationPlatforms) = postSolution
		{0B7969C0-1E83-4941-B974-914E61BEE53F}.Debug|Any CPU.ActiveCfg = Debug|Any CPU
		{0B7969C0-1E83-4941-B974-914E61BEE53F}.Debug|Any CPU.Build.0 = Debug|Any CPU
		{0B7969C0-1E83-4941-B974-914E61BEE53F}.Release|Any CPU.ActiveCfg = Release|Any CPU
		{0B7969C0-1E83-4941-B974-914E61BEE53F}.Release|Any CPU.Build.0 = Release|Any CPU
		{4A0287E1-61F5-45CD-BAA2-AC3D793A50D7}.Debug|Any CPU.ActiveCfg = Debug|Any CPU
		{4A0287E1-61F5-45CD-BAA2-AC3D793A50D7}.Debug|Any CPU.Build.0 = Debug|Any CPU
		{4A0287E1-61F5-45CD-BAA2-AC3D793A50D7}.Release|Any CPU.ActiveCfg = Release|Any CPU
		{4A0287E1-61F5-45CD-BAA2-AC3D793A50D7}.Release|Any CPU.Build.0 = Release|Any CPU
		{0F63635C-8815-470A-AAA1-B2663C1E9ABE}.Debug|Any CPU.ActiveCfg = Debug|Any CPU
		{0F63635C-8815-470A-AAA1-B2663C1E9ABE}.Debug|Any CPU.Build.0 = Debug|Any CPU
		{0F63635C-8815-470A-AAA1-B2663C1E9ABE}.Release|Any CPU.ActiveCfg = Release|Any CPU
		{0F63635C-8815-470A-AAA1-B2663C1E9ABE}.Release|Any CPU.Build.0 = Release|Any CPU
	EndGlobalSection
	GlobalSection(SolutionProperties) = preSolution
		HideSolutionNode = FALSE
	EndGlobalSection
	GlobalSection(ExtensibilityGlobals) = postSolution
		SolutionGuid = {3160964A-B082-4CF5-8B2E-2E198A0CFF4C}
	EndGlobalSection
EndGlobal
